
Microsoft Visual Studio Solution File, Format Version 12.00
# Visual Studio Version 17
VisualStudioVersion = 17.2.32630.192
MinimumVisualStudioVersion = 10.0.40219.1
Project("{FAE04EC0-301F-11D3-BF4B-00C04F79EFBC}") = "LabbAPR400MarcoTeranGutmanowitz", "LabbAPR400MarcoTeranGutmanowitz.csproj", "{FF0B8B98-4F80-4B51-8701-9297E03C1002}"
EndProject
Project("{FAE04EC0-301F-11D3-BF4B-00C04F79EFBC}") = "ClassLibraryForProject", "..\..\ClassLibraryForProject\ClassLibraryForProject.csproj", "{6BA77542-9F5A-4C8A-89E3-DCA54A5496D0}"
EndProject
Global
	GlobalSection(SolutionConfigurationPlatforms) = preSolution
		Debug|Any CPU = Debug|Any CPU
		Release|Any CPU = Release|Any CPU
	EndGlobalSection
	GlobalSection(ProjectConfigurationPlatforms) = postSolution
		{FF0B8B98-4F80-4B51-8701-9297E03C1002}.Debug|Any CPU.ActiveCfg = Debug|Any CPU
		{FF0B8B98-4F80-4B51-8701-9297E03C1002}.Debug|Any CPU.Build.0 = Debug|Any CPU
		{FF0B8B98-4F80-4B51-8701-9297E03C1002}.Release|Any CPU.ActiveCfg = Release|Any CPU
		{FF0B8B98-4F80-4B51-8701-9297E03C1002}.Release|Any CPU.Build.0 = Release|Any CPU
		{6BA77542-9F5A-4C8A-89E3-DCA54A5496D0}.Debug|Any CPU.ActiveCfg = Debug|Any CPU
		{6BA77542-9F5A-4C8A-89E3-DCA54A5496D0}.Debug|Any CPU.Build.0 = Debug|Any CPU
		{6BA77542-9F5A-4C8A-89E3-DCA54A5496D0}.Release|Any CPU.ActiveCfg = Release|Any CPU
		{6BA77542-9F5A-4C8A-89E3-DCA54A5496D0}.Release|Any CPU.Build.0 = Release|Any CPU
	EndGlobalSection
	GlobalSection(SolutionProperties) = preSolution
		HideSolutionNode = FALSE
	EndGlobalSection
	GlobalSection(ExtensibilityGlobals) = postSolution
		SolutionGuid = {E7401EA6-3714-4E60-9E64-E1AA9CEC975F}
	EndGlobalSection
EndGlobal
